
Microsoft Visual Studio Solution File, Format Version 12.00
Project("{FAE04EC0-301F-11D3-BF4B-00C04F79EFBC}") = "Assignment1", "Assignment1\Assignment1.csproj", "{84FFD429-F4C0-400F-AD27-2666D8E71AF8}"
EndProject
Project("{FAE04EC0-301F-11D3-BF4B-00C04F79EFBC}") = "Assignment2WebAPI", "Assignment2WebAPI\Assignment2WebAPI.csproj", "{7CE262C1-1102-4026-AD95-B8B771232C90}"
EndProject
Global
	GlobalSection(SolutionConfigurationPlatforms) = preSolution
		Debug|Any CPU = Debug|Any CPU
		Release|Any CPU = Release|Any CPU
	EndGlobalSection
	GlobalSection(ProjectConfigurationPlatforms) = postSolution
		{84FFD429-F4C0-400F-AD27-2666D8E71AF8}.Debug|Any CPU.ActiveCfg = Debug|Any CPU
		{84FFD429-F4C0-400F-AD27-2666D8E71AF8}.Debug|Any CPU.Build.0 = Debug|Any CPU
		{84FFD429-F4C0-400F-AD27-2666D8E71AF8}.Release|Any CPU.ActiveCfg = Release|Any CPU
		{84FFD429-F4C0-400F-AD27-2666D8E71AF8}.Release|Any CPU.Build.0 = Release|Any CPU
		{7CE262C1-1102-4026-AD95-B8B771232C90}.Debug|Any CPU.ActiveCfg = Debug|Any CPU
		{7CE262C1-1102-4026-AD95-B8B771232C90}.Debug|Any CPU.Build.0 = Debug|Any CPU
		{7CE262C1-1102-4026-AD95-B8B771232C90}.Release|Any CPU.ActiveCfg = Release|Any CPU
		{7CE262C1-1102-4026-AD95-B8B771232C90}.Release|Any CPU.Build.0 = Release|Any CPU
	EndGlobalSection
EndGlobal
